github.com/lib/pq v1.3.0/go.mod h1:5WUZQaWbwv1U+lTReE5YruASi9Al49XbQIvNi/34Woo=
github.com/lib/pq v1.10.2 h1:AqzbZs4ZoCBp+GtejcpCpcxM3zlSMx29dXbUSeVtJb8=
github.com/lib/pq v1.10.2/go.mod h1:AlVN5x4E4T544tWzH6hKfbfQvm3HdbOxrmggDNAPY9o=
github.com/pkg/errors v0.9.1 h1:FEBLx1zS214owpjy7qsBeixbURkuhQAwrK5UwLGTwt4=
github.com/pkg/errors v0.9.1/go.mod h1:bwawxfHBFNV+L2hUp1rHADufV3IMtnDRdf1r5NINEl0=
github.com/wshaman/migrate v0.0.0-20200227091536-11326643484b h1:WeBWW06aWCXrED68mKXr5ge7IFBfv+qft8Mpc5/shsA=
github.com/wshaman/migrate v0.0.0-20200227091536-11326643484b/go.mod h1:Dbj92qOty878gi31I+ljYBGl/4ZhG5GWv3uHIC8WgUs=
